
Microsoft Visual Studio Solution File, Format Version 12.00
# Visual Studio 15
VisualStudioVersion = 15.0.28010.2003
MinimumVisualStudioVersion = 10.0.40219.1
Project("{FAE04EC0-301F-11D3-BF4B-00C04F79EFBC}") = "Sales.Android", "Sales\Sales.Android\Sales.Android.csproj", "{0B4C693A-1F59-4BED-ACD5-8D01E0D789AF}"
EndProject
Project("{FAE04EC0-301F-11D3-BF4B-00C04F79EFBC}") = "Sales.iOS", "Sales\Sales.iOS\Sales.iOS.csproj", "{E3CB9B79-A724-438C-9F96-7246BA9874A2}"
EndProject
Project("{FAE04EC0-301F-11D3-BF4B-00C04F79EFBC}") = "Sales", "Sales\Sales\Sales.csproj", "{3164DCD3-2315-488C-8BFB-BEF9070F3D47}"
EndProject
Project("{FAE04EC0-301F-11D3-BF4B-00C04F79EFBC}") = "Sales.Backend", "Sales.Backend\Sales.Backend.csproj", "{46C34F45-2B59-4E32-838F-FEB6DE313954}"
EndProject
Project("{FAE04EC0-301F-11D3-BF4B-00C04F79EFBC}") = "Sales.API", "Sales.API\Sales.API.csproj", "{92890C2D-9AA0-4DD2-BE52-492F28EB7A5E}"
EndProject
Project("{FAE04EC0-301F-11D3-BF4B-00C04F79EFBC}") = "Sales.Domain", "Sales.Domain\Sales.Domain.csproj", "{7695601B-D3B7-4FF8-AA8C-D5F3655690B2}"
EndProject
Project("{FAE04EC0-301F-11D3-BF4B-00C04F79EFBC}") = "Sales.Common", "Sales.Common\Sales.Common.csproj", "{17E758F4-2220-4E25-9B54-78C7290AE50E}"
EndProject
Global
	GlobalSection(SolutionConfigurationPlatforms) = preSolution
		Ad-Hoc|Any CPU = Ad-Hoc|Any CPU
		Ad-Hoc|iPhone = Ad-Hoc|iPhone
		Ad-Hoc|iPhoneSimulator = Ad-Hoc|iPhoneSimulator
		AppStore|Any CPU = AppStore|Any CPU
		AppStore|iPhone = AppStore|iPhone
		AppStore|iPhoneSimulator = AppStore|iPhoneSimulator
		Debug|Any CPU = Debug|Any CPU
		Debug|iPhone = Debug|iPhone
		Debug|iPhoneSimulator = Debug|iPhoneSimulator
		Release|Any CPU = Release|Any CPU
		Release|iPhone = Release|iPhone
		Release|iPhoneSimulator = Release|iPhoneSimulator
	EndGlobalSection
	GlobalSection(ProjectConfigurationPlatforms) = postSolution
		{0B4C693A-1F59-4BED-ACD5-8D01E0D789AF}.Ad-Hoc|Any CPU.ActiveCfg = Release|Any CPU
		{0B4C693A-1F59-4BED-ACD5-8D01E0D789AF}.Ad-Hoc|Any CPU.Build.0 = Release|Any CPU
		{0B4C693A-1F59-4BED-ACD5-8D01E0D789AF}.Ad-Hoc|Any CPU.Deploy.0 = Release|Any CPU
		{0B4C693A-1F59-4BED-ACD5-8D01E0D789AF}.Ad-Hoc|iPhone.ActiveCfg = Release|Any CPU
		{0B4C693A-1F59-4BED-ACD5-8D01E0D789AF}.Ad-Hoc|iPhone.Build.0 = Release|Any CPU
		{0B4C693A-1F59-4BED-ACD5-8D01E0D789AF}.Ad-Hoc|iPhone.Deploy.0 = Release|Any CPU
		{0B4C693A-1F59-4BED-ACD5-8D01E0D789AF}.Ad-Hoc|iPhoneSimulator.ActiveCfg = Release|Any CPU
		{0B4C693A-1F59-4BED-ACD5-8D01E0D789AF}.Ad-Hoc|iPhoneSimulator.Build.0 = Release|Any CPU
		{0B4C693A-1F59-4BED-ACD5-8D01E0D789AF}.Ad-Hoc|iPhoneSimulator.Deploy.0 = Release|Any CPU
		{0B4C693A-1F59-4BED-ACD5-8D01E0D789AF}.AppStore|Any CPU.ActiveCfg = Release|Any CPU
		{0B4C693A-1F59-4BED-ACD5-8D01E0D789AF}.AppStore|Any CPU.Build.0 = Release|Any CPU
		{0B4C693A-1F59-4BED-ACD5-8D01E0D789AF}.AppStore|Any CPU.Deploy.0 = Release|Any CPU
		{0B4C693A-1F59-4BED-ACD5-8D01E0D789AF}.AppStore|iPhone.ActiveCfg = Release|Any CPU
		{0B4C693A-1F59-4BED-ACD5-8D01E0D789AF}.AppStore|iPhone.Build.0 = Release|Any CPU
		{0B4C693A-1F59-4BED-ACD5-8D01E0D789AF}.AppStore|iPhone.Deploy.0 = Release|Any CPU
		{0B4C693A-1F59-4BED-ACD5-8D01E0D789AF}.AppStore|iPhoneSimulator.ActiveCfg = Release|Any CPU
		{0B4C693A-1F59-4BED-ACD5-8D01E0D789AF}.AppStore|iPhoneSimulator.Build.0 = Release|Any CPU
		{0B4C693A-1F59-4BED-ACD5-8D01E0D789AF}.AppStore|iPhoneSimulator.Deploy.0 = Release|Any CPU
		{0B4C693A-1F59-4BED-ACD5-8D01E0D789AF}.Debug|Any CPU.ActiveCfg = Debug|Any CPU
		{0B4C693A-1F59-4BED-ACD5-8D01E0D789AF}.Debug|Any CPU.Build.0 = Debug|Any CPU
		{0B4C693A-1F59-4BED-ACD5-8D01E0D789AF}.Debug|Any CPU.Deploy.0 = Debug|Any CPU
		{0B4C693A-1F59-4BED-ACD5-8D01E0D789AF}.Debug|iPhone.ActiveCfg = Debug|Any CPU
		{0B4C693A-1F59-4BED-ACD5-8D01E0D789AF}.Debug|iPhone.Build.0 = Debug|Any CPU
		{0B4C693A-1F59-4BED-ACD5-8D01E0D789AF}.Debug|iPhone.Deploy.0 = Debug|Any CPU
		{0B4C693A-1F59-4BED-ACD5-8D01E0D789AF}.Debug|iPhoneSimulator.ActiveCfg = Debug|Any CPU
		{0B4C693A-1F59-4BED-ACD5-8D01E0D789AF}.Debug|iPhoneSimulator.Build.0 = Debug|Any CPU
		{0B4C693A-1F59-4BED-ACD5-8D01E0D789AF}.Debug|iPhoneSimulator.Deploy.0 = Debug|Any CPU
		{0B4C693A-1F59-4BED-ACD5-8D01E0D789AF}.Release|Any CPU.ActiveCfg = Release|Any CPU
		{0B4C693A-1F59-4BED-ACD5-8D01E0D789AF}.Release|Any CPU.Build.0 = Release|Any CPU
		{0B4C693A-1F59-4BED-ACD5-8D01E0D789AF}.Release|Any CPU.Deploy.0 = Release|Any CPU
		{0B4C693A-1F59-4BED-ACD5-8D01E0D789AF}.Release|iPhone.ActiveCfg = Release|Any CPU
		{0B4C693A-1F59-4BED-ACD5-8D01E0D789AF}.Release|iPhone.Build.0 = Release|Any CPU
		{0B4C693A-1F59-4BED-ACD5-8D01E0D789AF}.Release|iPhone.Deploy.0 = Release|Any CPU
		{0B4C693A-1F59-4BED-ACD5-8D01E0D789AF}.Release|iPhoneSimulator.ActiveCfg = Release|Any CPU
		{0B4C693A-1F59-4BED-ACD5-8D01E0D789AF}.Release|iPhoneSimulator.Build.0 = Release|Any CPU
		{0B4C693A-1F59-4BED-ACD5-8D01E0D789AF}.Release|iPhoneSimulator.Deploy.0 = Release|Any CPU
		{E3CB9B79-A724-438C-9F96-7246BA9874A2}.Ad-Hoc|Any CPU.ActiveCfg = Ad-Hoc|iPhone
		{E3CB9B79-A724-438C-9F96-7246BA9874A2}.Ad-Hoc|Any CPU.Build.0 = Ad-Hoc|iPhone
		{E3CB9B79-A724-438C-9F96-7246BA9874A2}.Ad-Hoc|Any CPU.Deploy.0 = Ad-Hoc|iPhone
		{E3CB9B79-A724-438C-9F96-7246BA9874A2}.Ad-Hoc|iPhone.ActiveCfg = Ad-Hoc|iPhone
		{E3CB9B79-A724-438C-9F96-7246BA9874A2}.Ad-Hoc|iPhone.Build.0 = Ad-Hoc|iPhone
		{E3CB9B79-A724-438C-9F96-7246BA9874A2}.Ad-Hoc|iPhone.Deploy.0 = Ad-Hoc|iPhone
		{E3CB9B79-A724-438C-9F96-7246BA9874A2}.Ad-Hoc|iPhoneSimulator.ActiveCfg = Ad-Hoc|iPhoneSimulator
		{E3CB9B79-A724-438C-9F96-7246BA9874A2}.Ad-Hoc|iPhoneSimulator.Build.0 = Ad-Hoc|iPhoneSimulator
		{E3CB9B79-A724-438C-9F96-7246BA9874A2}.Ad-Hoc|iPhoneSimulator.Deploy.0 = Ad-Hoc|iPhoneSimulator
		{E3CB9B79-A724-438C-9F96-7246BA9874A2}.AppStore|Any CPU.ActiveCfg = AppStore|iPhone
		{E3CB9B79-A724-438C-9F96-7246BA9874A2}.AppStore|Any CPU.Build.0 = AppStore|iPhone
		{E3CB9B79-A724-438C-9F96-7246BA9874A2}.AppStore|Any CPU.Deploy.0 = AppStore|iPhone
		{E3CB9B79-A724-438C-9F96-7246BA9874A2}.AppStore|iPhone.ActiveCfg = AppStore|iPhone
		{E3CB9B79-A724-438C-9F96-7246BA9874A2}.AppStore|iPhone.Build.0 = AppStore|iPhone
		{E3CB9B79-A724-438C-9F96-7246BA9874A2}.AppStore|iPhone.Deploy.0 = AppStore|iPhone
		{E3CB9B79-A724-438C-9F96-7246BA9874A2}.AppStore|iPhoneSimulator.ActiveCfg = AppStore|iPhoneSimulator
		{E3CB9B79-A724-438C-9F96-7246BA9874A2}.AppStore|iPhoneSimulator.Build.0 = AppStore|iPhoneSimulator
		{E3CB9B79-A724-438C-9F96-7246BA9874A2}.AppStore|iPhoneSimulator.Deploy.0 = AppStore|iPhoneSimulator
		{E3CB9B79-A724-438C-9F96-7246BA9874A2}.Debug|Any CPU.ActiveCfg = Debug|iPhoneSimulator
		{E3CB9B79-A724-438C-9F96-7246BA9874A2}.Debug|Any CPU.Build.0 = Debug|iPhoneSimulator
		{E3CB9B79-A724-438C-9F96-7246BA9874A2}.Debug|Any CPU.Deploy.0 = Debug|iPhoneSimulator
		{E3CB9B79-A724-438C-9F96-7246BA9874A2}.Debug|iPhone.ActiveCfg = Debug|iPhone
		{E3CB9B79-A724-438C-9F96-7246BA9874A2}.Debug|iPhone.Build.0 = Debug|iPhone
		{E3CB9B79-A724-438C-9F96-7246BA9874A2}.Debug|iPhone.Deploy.0 = Debug|iPhone
		{E3CB9B79-A724-438C-9F96-7246BA9874A2}.Debug|iPhoneSimulator.ActiveCfg = Debug|iPhoneSimulator
		{E3CB9B79-A724-438C-9F96-7246BA9874A2}.Debug|iPhoneSimulator.Build.0 = Debug|iPhoneSimulator
		{E3CB9B79-A724-438C-9F96-7246BA9874A2}.Debug|iPhoneSimulator.Deploy.0 = Debug|iPhoneSimulator
		{E3CB9B79-A724-438C-9F96-7246BA9874A2}.Release|Any CPU.ActiveCfg = Release|iPhone
		{E3CB9B79-A724-438C-9F96-7246BA9874A2}.Release|Any CPU.Build.0 = Release|iPhone
		{E3CB9B79-A724-438C-9F96-7246BA9874A2}.Release|Any CPU.Deploy.0 = Release|iPhone
		{E3CB9B79-A724-438C-9F96-7246BA9874A2}.Release|iPhone.ActiveCfg = Release|iPhone
		{E3CB9B79-A724-438C-9F96-7246BA9874A2}.Release|iPhone.Build.0 = Release|iPhone
		{E3CB9B79-A724-438C-9F96-7246BA9874A2}.Release|iPhone.Deploy.0 = Release|iPhone
		{E3CB9B79-A724-438C-9F96-7246BA9874A2}.Release|iPhoneSimulator.ActiveCfg = Release|iPhoneSimulator
		{E3CB9B79-A724-438C-9F96-7246BA9874A2}.Release|iPhoneSimulator.Build.0 = Release|iPhoneSimulator
		{E3CB9B79-A724-438C-9F96-7246BA9874A2}.Release|iPhoneSimulator.Deploy.0 = Release|iPhoneSimulator
		{3164DCD3-2315-488C-8BFB-BEF9070F3D47}.Ad-Hoc|Any CPU.ActiveCfg = Debug|Any CPU
		{3164DCD3-2315-488C-8BFB-BEF9070F3D47}.Ad-Hoc|Any CPU.Build.0 = Debug|Any CPU
		{3164DCD3-2315-488C-8BFB-BEF9070F3D47}.Ad-Hoc|Any CPU.Deploy.0 = Debug|Any CPU
		{3164DCD3-2315-488C-8BFB-BEF9070F3D47}.Ad-Hoc|iPhone.ActiveCfg = Debug|Any CPU
		{3164DCD3-2315-488C-8BFB-BEF9070F3D47}.Ad-Hoc|iPhone.Build.0 = Debug|Any CPU
		{3164DCD3-2315-488C-8BFB-BEF9070F3D47}.Ad-Hoc|iPhone.Deploy.0 = Debug|Any CPU
		{3164DCD3-2315-488C-8BFB-BEF9070F3D47}.Ad-Hoc|iPhoneSimulator.ActiveCfg = Debug|Any CPU
		{3164DCD3-2315-488C-8BFB-BEF9070F3D47}.Ad-Hoc|iPhoneSimulator.Build.0 = Debug|Any CPU
		{3164DCD3-2315-488C-8BFB-BEF9070F3D47}.Ad-Hoc|iPhoneSimulator.Deploy.0 = Debug|Any CPU
		{3164DCD3-2315-488C-8BFB-BEF9070F3D47}.AppStore|Any CPU.ActiveCfg = Debug|Any CPU
		{3164DCD3-2315-488C-8BFB-BEF9070F3D47}.AppStore|Any CPU.Build.0 = Debug|Any CPU
		{3164DCD3-2315-488C-8BFB-BEF9070F3D47}.AppStore|Any CPU.Deploy.0 = Debug|Any CPU
		{3164DCD3-2315-488C-8BFB-BEF9070F3D47}.AppStore|iPhone.ActiveCfg = Debug|Any CPU
		{3164DCD3-2315-488C-8BFB-BEF9070F3D47}.AppStore|iPhone.Build.0 = Debug|Any CPU
		{3164DCD3-2315-488C-8BFB-BEF9070F3D47}.AppStore|iPhone.Deploy.0 = Debug|Any CPU
		{3164DCD3-2315-488C-8BFB-BEF9070F3D47}.AppStore|iPhoneSimulator.ActiveCfg = Debug|Any CPU
		{3164DCD3-2315-488C-8BFB-BEF9070F3D47}.AppStore|iPhoneSimulator.Build.0 = Debug|Any CPU
		{3164DCD3-2315-488C-8BFB-BEF9070F3D47}.AppStore|iPhoneSimulator.Deploy.0 = Debug|Any CPU
		{3164DCD3-2315-488C-8BFB-BEF9070F3D47}.Debug|Any CPU.ActiveCfg = Debug|Any CPU
		{3164DCD3-2315-488C-8BFB-BEF9070F3D47}.Debug|Any CPU.Build.0 = Debug|Any CPU
		{3164DCD3-2315-488C-8BFB-BEF9070F3D47}.Debug|Any CPU.Deploy.0 = Debug|Any CPU
		{3164DCD3-2315-488C-8BFB-BEF9070F3D47}.Debug|iPhone.ActiveCfg = Debug|Any CPU
		{3164DCD3-2315-488C-8BFB-BEF9070F3D47}.Debug|iPhone.Build.0 = Debug|Any CPU
		{3164DCD3-2315-488C-8BFB-BEF9070F3D47}.Debug|iPhone.Deploy.0 = Debug|Any CPU
		{3164DCD3-2315-488C-8BFB-BEF9070F3D47}.Debug|iPhoneSimulator.ActiveCfg = Debug|Any CPU
		{3164DCD3-2315-488C-8BFB-BEF9070F3D47}.Debug|iPhoneSimulator.Build.0 = Debug|Any CPU
		{3164DCD3-2315-488C-8BFB-BEF9070F3D47}.Debug|iPhoneSimulator.Deploy.0 = Debug|Any CPU
		{3164DCD3-2315-488C-8BFB-BEF9070F3D47}.Release|Any CPU.ActiveCfg = Release|Any CPU
		{3164DCD3-2315-488C-8BFB-BEF9070F3D47}.Release|Any CPU.Build.0 = Release|Any CPU
		{3164DCD3-2315-488C-8BFB-BEF9070F3D47}.Release|Any CPU.Deploy.0 = Release|Any CPU
		{3164DCD3-2315-488C-8BFB-BEF9070F3D47}.Release|iPhone.ActiveCfg = Release|Any CPU
		{3164DCD3-2315-488C-8BFB-BEF9070F3D47}.Release|iPhone.Build.0 = Release|Any CPU
		{3164DCD3-2315-488C-8BFB-BEF9070F3D47}.Release|iPhone.Deploy.0 = Release|Any CPU
		{3164DCD3-2315-488C-8BFB-BEF9070F3D47}.Release|iPhoneSimulator.ActiveCfg = Release|Any CPU
		{3164DCD3-2315-488C-8BFB-BEF9070F3D47}.Release|iPhoneSimulator.Build.0 = Release|Any CPU
		{3164DCD3-2315-488C-8BFB-BEF9070F3D47}.Release|iPhoneSimulator.Deploy.0 = Release|Any CPU
		{46C34F45-2B59-4E32-838F-FEB6DE313954}.Ad-Hoc|Any CPU.ActiveCfg = Release|Any CPU
		{46C34F45-2B59-4E32-838F-FEB6DE313954}.Ad-Hoc|Any CPU.Build.0 = Release|Any CPU
		{46C34F45-2B59-4E32-838F-FEB6DE313954}.Ad-Hoc|iPhone.ActiveCfg = Release|Any CPU
		{46C34F45-2B59-4E32-838F-FEB6DE313954}.Ad-Hoc|iPhone.Build.0 = Release|Any CPU
		{46C34F45-2B59-4E32-838F-FEB6DE313954}.Ad-Hoc|iPhoneSimulator.ActiveCfg = Release|Any CPU
		{46C34F45-2B59-4E32-838F-FEB6DE313954}.Ad-Hoc|iPhoneSimulator.Build.0 = Release|Any CPU
		{46C34F45-2B59-4E32-838F-FEB6DE313954}.AppStore|Any CPU.ActiveCfg = Release|Any CPU
		{46C34F45-2B59-4E32-838F-FEB6DE313954}.AppStore|Any CPU.Build.0 = Release|Any CPU
		{46C34F45-2B59-4E32-838F-FEB6DE313954}.AppStore|iPhone.ActiveCfg = Release|Any CPU
		{46C34F45-2B59-4E32-838F-FEB6DE313954}.AppStore|iPhone.Build.0 = Release|Any CPU
		{46C34F45-2B59-4E32-838F-FEB6DE313954}.AppStore|iPhoneSimulator.ActiveCfg = Release|Any CPU
		{46C34F45-2B59-4E32-838F-FEB6DE313954}.AppStore|iPhoneSimulator.Build.0 = Release|Any CPU
		{46C34F45-2B59-4E32-838F-FEB6DE313954}.Debug|Any CPU.ActiveCfg = Debug|Any CPU
		{46C34F45-2B59-4E32-838F-FEB6DE313954}.Debug|Any CPU.Build.0 = Debug|Any CPU
		{46C34F45-2B59-4E32-838F-FEB6DE313954}.Debug|iPhone.ActiveCfg = Debug|Any CPU
		{46C34F45-2B59-4E32-838F-FEB6DE313954}.Debug|iPhone.Build.0 = Debug|Any CPU
		{46C34F45-2B59-4E32-838F-FEB6DE313954}.Debug|iPhoneSimulator.ActiveCfg = Debug|Any CPU
		{46C34F45-2B59-4E32-838F-FEB6DE313954}.Debug|iPhoneSimulator.Build.0 = Debug|Any CPU
		{46C34F45-2B59-4E32-838F-FEB6DE313954}.Release|Any CPU.ActiveCfg = Release|Any CPU
		{46C34F45-2B59-4E32-838F-FEB6DE313954}.Release|Any CPU.Build.0 = Release|Any CPU
		{46C34F45-2B59-4E32-838F-FEB6DE313954}.Release|iPhone.ActiveCfg = Release|Any CPU
		{46C34F45-2B59-4E32-838F-FEB6DE313954}.Release|iPhone.Build.0 = Release|Any CPU
		{46C34F45-2B59-4E32-838F-FEB6DE313954}.Release|iPhoneSimulator.ActiveCfg = Release|Any CPU
		{46C34F45-2B59-4E32-838F-FEB6DE313954}.Release|iPhoneSimulator.Build.0 = Release|Any CPU
		{92890C2D-9AA0-4DD2-BE52-492F28EB7A5E}.Ad-Hoc|Any CPU.ActiveCfg = Release|Any CPU
		{92890C2D-9AA0-4DD2-BE52-492F28EB7A5E}.Ad-Hoc|Any CPU.Build.0 = Release|Any CPU
		{92890C2D-9AA0-4DD2-BE52-492F28EB7A5E}.Ad-Hoc|iPhone.ActiveCfg = Release|Any CPU
		{92890C2D-9AA0-4DD2-BE52-492F28EB7A5E}.Ad-Hoc|iPhone.Build.0 = Release|Any CPU
		{92890C2D-9AA0-4DD2-BE52-492F28EB7A5E}.Ad-Hoc|iPhoneSimulator.ActiveCfg = Release|Any CPU
		{92890C2D-9AA0-4DD2-BE52-492F28EB7A5E}.Ad-Hoc|iPhoneSimulator.Build.0 = Release|Any CPU
		{92890C2D-9AA0-4DD2-BE52-492F28EB7A5E}.AppStore|Any CPU.ActiveCfg = Release|Any CPU
		{92890C2D-9AA0-4DD2-BE52-492F28EB7A5E}.AppStore|Any CPU.Build.0 = Release|Any CPU
		{92890C2D-9AA0-4DD2-BE52-492F28EB7A5E}.AppStore|iPhone.ActiveCfg = Release|Any CPU
		{92890C2D-9AA0-4DD2-BE52-492F28EB7A5E}.AppStore|iPhone.Build.0 = Release|Any CPU
		{92890C2D-9AA0-4DD2-BE52-492F28EB7A5E}.AppStore|iPhoneSimulator.ActiveCfg = Release|Any CPU
		{92890C2D-9AA0-4DD2-BE52-492F28EB7A5E}.AppStore|iPhoneSimulator.Build.0 = Release|Any CPU
		{92890C2D-9AA0-4DD2-BE52-492F28EB7A5E}.Debug|Any CPU.ActiveCfg = Debug|Any CPU
		{92890C2D-9AA0-4DD2-BE52-492F28EB7A5E}.Debug|Any CPU.Build.0 = Debug|Any CPU
		{92890C2D-9AA0-4DD2-BE52-492F28EB7A5E}.Debug|iPhone.ActiveCfg = Debug|Any CPU
		{92890C2D-9AA0-4DD2-BE52-492F28EB7A5E}.Debug|iPhone.Build.0 = Debug|Any CPU
		{92890C2D-9AA0-4DD2-BE52-492F28EB7A5E}.Debug|iPhoneSimulator.ActiveCfg = Debug|Any CPU
		{92890C2D-9AA0-4DD2-BE52-492F28EB7A5E}.Debug|iPhoneSimulator.Build.0 = Debug|Any CPU
		{92890C2D-9AA0-4DD2-BE52-492F28EB7A5E}.Release|Any CPU.ActiveCfg = Release|Any CPU
		{92890C2D-9AA0-4DD2-BE52-492F28EB7A5E}.Release|Any CPU.Build.0 = Release|Any CPU
		{92890C2D-9AA0-4DD2-BE52-492F28EB7A5E}.Release|iPhone.ActiveCfg = Release|Any CPU
		{92890C2D-9AA0-4DD2-BE52-492F28EB7A5E}.Release|iPhone.Build.0 = Release|Any CPU
		{92890C2D-9AA0-4DD2-BE52-492F28EB7A5E}.Release|iPhoneSimulator.ActiveCfg = Release|Any CPU
		{92890C2D-9AA0-4DD2-BE52-492F28EB7A5E}.Release|iPhoneSimulator.Build.0 = Release|Any CPU
		{7695601B-D3B7-4FF8-AA8C-D5F3655690B2}.Ad-Hoc|Any CPU.ActiveCfg = Release|Any CPU
		{7695601B-D3B7-4FF8-AA8C-D5F3655690B2}.Ad-Hoc|Any CPU.Build.0 = Release|Any CPU
		{7695601B-D3B7-4FF8-AA8C-D5F3655690B2}.Ad-Hoc|iPhone.ActiveCfg = Release|Any CPU
		{7695601B-D3B7-4FF8-AA8C-D5F3655690B2}.Ad-Hoc|iPhone.Build.0 = Release|Any CPU
		{7695601B-D3B7-4FF8-AA8C-D5F3655690B2}.Ad-Hoc|iPhoneSimulator.ActiveCfg = Release|Any CPU
		{7695601B-D3B7-4FF8-AA8C-D5F3655690B2}.Ad-Hoc|iPhoneSimulator.Build.0 = Release|Any CPU
		{7695601B-D3B7-4FF8-AA8C-D5F3655690B2}.AppStore|Any CPU.ActiveCfg = Release|Any CPU
		{7695601B-D3B7-4FF8-AA8C-D5F3655690B2}.AppStore|Any CPU.Build.0 = Release|Any CPU
		{7695601B-D3B7-4FF8-AA8C-D5F3655690B2}.AppStore|iPhone.ActiveCfg = Release|Any CPU
		{7695601B-D3B7-4FF8-AA8C-D5F3655690B2}.AppStore|iPhone.Build.0 = Release|Any CPU
		{7695601B-D3B7-4FF8-AA8C-D5F3655690B2}.AppStore|iPhoneSimulator.ActiveCfg = Release|Any CPU
		{7695601B-D3B7-4FF8-AA8C-D5F3655690B2}.AppStore|iPhoneSimulator.Build.0 = Release|Any CPU
		{7695601B-D3B7-4FF8-AA8C-D5F3655690B2}.Debug|Any CPU.ActiveCfg = Debug|Any CPU
		{7695601B-D3B7-4FF8-AA8C-D5F3655690B2}.Debug|Any CPU.Build.0 = Debug|Any CPU
		{7695601B-D3B7-4FF8-AA8C-D5F3655690B2}.Debug|iPhone.ActiveCfg = Debug|Any CPU
		{7695601B-D3B7-4FF8-AA8C-D5F3655690B2}.Debug|iPhone.Build.0 = Debug|Any CPU
		{7695601B-D3B7-4FF8-AA8C-D5F3655690B2}.Debug|iPhoneSimulator.ActiveCfg = Debug|Any CPU
		{7695601B-D3B7-4FF8-AA8C-D5F3655690B2}.Debug|iPhoneSimulator.Build.0 = Debug|Any CPU
		{7695601B-D3B7-4FF8-AA8C-D5F3655690B2}.Release|Any CPU.ActiveCfg = Release|Any CPU
		{7695601B-D3B7-4FF8-AA8C-D5F3655690B2}.Release|Any CPU.Build.0 = Release|Any CPU
		{7695601B-D3B7-4FF8-AA8C-D5F3655690B2}.Release|iPhone.ActiveCfg = Release|Any CPU
		{7695601B-D3B7-4FF8-AA8C-D5F3655690B2}.Release|iPhone.Build.0 = Release|Any CPU
		{7695601B-D3B7-4FF8-AA8C-D5F3655690B2}.Release|iPhoneSimulator.ActiveCfg = Release|Any CPU
		{7695601B-D3B7-4FF8-AA8C-D5F3655690B2}.Release|iPhoneSimulator.Build.0 = Release|Any CPU
		{17E758F4-2220-4E25-9B54-78C7290AE50E}.Ad-Hoc|Any CPU.ActiveCfg = Release|Any CPU
		{17E758F4-2220-4E25-9B54-78C7290AE50E}.Ad-Hoc|Any CPU.Build.0 = Release|Any CPU
		{17E758F4-2220-4E25-9B54-78C7290AE50E}.Ad-Hoc|iPhone.ActiveCfg = Release|Any CPU
		{17E758F4-2220-4E25-9B54-78C7290AE50E}.Ad-Hoc|iPhone.Build.0 = Release|Any CPU
		{17E758F4-2220-4E25-9B54-78C7290AE50E}.Ad-Hoc|iPhoneSimulator.ActiveCfg = Release|Any CPU
		{17E758F4-2220-4E25-9B54-78C7290AE50E}.Ad-Hoc|iPhoneSimulator.Build.0 = Release|Any CPU
		{17E758F4-2220-4E25-9B54-78C7290AE50E}.AppStore|Any CPU.ActiveCfg = Release|Any CPU
		{17E758F4-2220-4E25-9B54-78C7290AE50E}.AppStore|Any CPU.Build.0 = Release|Any CPU
		{17E758F4-2220-4E25-9B54-78C7290AE50E}.AppStore|iPhone.ActiveCfg = Release|Any CPU
		{17E758F4-2220-4E25-9B54-78C7290AE50E}.AppStore|iPhone.Build.0 = Release|Any CPU
		{17E758F4-2220-4E25-9B54-78C7290AE50E}.AppStore|iPhoneSimulator.ActiveCfg = Release|Any CPU
		{17E758F4-2220-4E25-9B54-78C7290AE50E}.AppStore|iPhoneSimulator.Build.0 = Release|Any CPU
		{17E758F4-2220-4E25-9B54-78C7290AE50E}.Debug|Any CPU.ActiveCfg = Debug|Any CPU
		{17E758F4-2220-4E25-9B54-78C7290AE50E}.Debug|Any CPU.Build.0 = Debug|Any CPU
		{17E758F4-2220-4E25-9B54-78C7290AE50E}.Debug|iPhone.ActiveCfg = Debug|Any CPU
		{17E758F4-2220-4E25-9B54-78C7290AE50E}.Debug|iPhone.Build.0 = Debug|Any CPU
		{17E758F4-2220-4E25-9B54-78C7290AE50E}.Debug|iPhoneSimulator.ActiveCfg = Debug|Any CPU
		{17E758F4-2220-4E25-9B54-78C7290AE50E}.Debug|iPhoneSimulator.Build.0 = Debug|Any CPU
		{17E758F4-2220-4E25-9B54-78C7290AE50E}.Release|Any CPU.ActiveCfg = Release|Any CPU
		{17E758F4-2220-4E25-9B54-78C7290AE50E}.Release|Any CPU.Build.0 = Release|Any CPU
		{17E758F4-2220-4E25-9B54-78C7290AE50E}.Release|iPhone.ActiveCfg = Release|Any CPU
		{17E758F4-2220-4E25-9B54-78C7290AE50E}.Release|iPhone.Build.0 = Release|Any CPU
		{17E758F4-2220-4E25-9B54-78C7290AE50E}.Release|iPhoneSimulator.ActiveCfg = Release|Any CPU
		{17E758F4-2220-4E25-9B54-78C7290AE50E}.Release|iPhoneSimulator.Build.0 = Release|Any CPU
	EndGlobalSection
	GlobalSection(SolutionProperties) = preSolution
		HideSolutionNode = FALSE
	EndGlobalSection
	GlobalSection(ExtensibilityGlobals) = postSolution
		SolutionGuid = {DB6814E4-0102-476B-81F8-C7F54393E8A4}
	EndGlobalSection
EndGlobal
